// !$*UTF8*$!
{
	archiveVersion = 1;
	classes = {
	};
	objectVersion = 46;
	objects = {

/* Begin PBXBuildFile section */
		AE772D3D18D3614A0050A61E /* Foundation.framework in Frameworks */ = {isa = PBXBuildFile; fileRef = AE772D3C18D3614A0050A61E /* Foundation.framework */; };
		AE772D3F18D3614A0050A61E /* CoreGraphics.framework in Frameworks */ = {isa = PBXBuildFile; fileRef = AE772D3E18D3614A0050A61E /* CoreGraphics.framework */; };
		AE772D4118D3614A0050A61E /* UIKit.framework in Frameworks */ = {isa = PBXBuildFile; fileRef = AE772D4018D3614A0050A61E /* UIKit.framework */; };
		AE772D4718D3614A0050A61E /* InfoPlist.strings in Resources */ = {isa = PBXBuildFile; fileRef = AE772D4518D3614A0050A61E /* InfoPlist.strings */; };
		AE772D4918D3614A0050A61E /* main.m in Sources */ = {isa = PBXBuildFile; fileRef = AE772D4818D3614A0050A61E /* main.m */; };
		AE772D4D18D3614A0050A61E /* AppDelegate.m in Sources */ = {isa = PBXBuildFile; fileRef = AE772D4C18D3614A0050A61E /* AppDelegate.m */; };
		AE772D5018D3614A0050A61E /* Main.storyboard in Resources */ = {isa = PBXBuildFile; fileRef = AE772D4E18D3614A0050A61E /* Main.storyboard */; };
		AE772D5318D3614A0050A61E /* ViewController.m in Sources */ = {isa = PBXBuildFile; fileRef = AE772D5218D3614A0050A61E /* ViewController.m */; };
		AE772D5518D3614A0050A61E /* Images.xcassets in Resources */ = {isa = PBXBuildFile; fileRef = AE772D5418D3614A0050A61E /* Images.xcassets */; };
		AE772D5C18D3614A0050A61E /* XCTest.framework in Frameworks */ = {isa = PBXBuildFile; fileRef = AE772D5B18D3614A0050A61E /* XCTest.framework */; };
		AE772D5D18D3614A0050A61E /* Foundation.framework in Frameworks */ = {isa = PBXBuildFile; fileRef = AE772D3C18D3614A0050A61E /* Foundation.framework */; };
		AE772D5E18D3614A0050A61E /* UIKit.framework in Frameworks */ = {isa = PBXBuildFile; fileRef = AE772D4018D3614A0050A61E /* UIKit.framework */; };
		AE772D6618D3614A0050A61E /* InfoPlist.strings in Resources */ = {isa = PBXBuildFile; fileRef = AE772D6418D3614A0050A61E /* InfoPlist.strings */; };
		AE772D6818D3614A0050A61E /* ButtonWiggleTests.m in Sources */ = {isa = PBXBuildFile; fileRef = AE772D6718D3614A0050A61E /* ButtonWiggleTests.m */; };
		AEFDEC5018D744C600511ABA /* Jellybean random wiggle.gif in Resources */ = {isa = PBXBuildFile; fileRef = AEFDEC4E18D744C600511ABA /* Jellybean random wiggle.gif */; };
		AEFDEC5118D744C600511ABA /* Jellybean.gif in Resources */ = {isa = PBXBuildFile; fileRef = AEFDEC4F18D744C600511ABA /* Jellybean.gif */; };
		AEFDEC5318D744CE00511ABA /* README.md in Resources */ = {isa = PBXBuildFile; fileRef = AEFDEC5218D744CE00511ABA /* README.md */; };
/* End PBXBuildFile section */

/* Begin PBXContainerItemProxy section */
		AE772D5F18D3614A0050A61E /* PBXContainerItemProxy */ = {
			isa = PBXContainerItemProxy;
			containerPortal = AE772D3118D3614A0050A61E /* Project object */;
			proxyType = 1;
			remoteGlobalIDString = AE772D3818D3614A0050A61E;
			remoteInfo = ButtonWiggle;
		};
/* End PBXContainerItemProxy section */

/* Begin PBXFileReference section */
		AE772D3918D3614A0050A61E /* ButtonWiggle.app */ = {isa = PBXFileReference; explicitFileType = wrapper.application; includeInIndex = 0; path = ButtonWiggle.app; sourceTree = BUILT_PRODUCTS_DIR; };
		AE772D3C18D3614A0050A61E /* Foundation.framework */ = {isa = PBXFileReference; lastKnownFileType = wrapper.framework; name = Foundation.framework; path = System/Library/Frameworks/Foundation.framework; sourceTree = SDKROOT; };
		AE772D3E18D3614A0050A61E /* CoreGraphics.framework */ = {isa = PBXFileReference; lastKnownFileType = wrapper.framework; name = CoreGraphics.framework; path = System/Library/Frameworks/CoreGraphics.framework; sourceTree = SDKROOT; };
		AE772D4018D3614A0050A61E /* UIKit.framework */ = {isa = PBXFileReference; lastKnownFileType = wrapper.framework; name = UIKit.framework; path = System/Library/Frameworks/UIKit.framework; sourceTree = SDKROOT; };
		AE772D4418D3614A0050A61E /* ButtonWiggle-Info.plist */ = {isa = PBXFileReference; lastKnownFileType = text.plist.xml; path = "ButtonWiggle-Info.plist"; sourceTree = "<group>"; };
		AE772D4618D3614A0050A61E /* en */ = {isa = PBXFileReference; lastKnownFileType = text.plist.strings; name = en; path = en.lproj/InfoPlist.strings; sourceTree = "<group>"; };
		AE772D4818D3614A0050A61E /* main.m */ = {isa = PBXFileReference; lastKnownFileType = sourcecode.c.objc; path = main.m; sourceTree = "<group>"; };
		AE772D4A18D3614A0050A61E /* ButtonWiggle-Prefix.pch */ = {isa = PBXFileReference; lastKnownFileType = sourcecode.c.h; path = "ButtonWiggle-Prefix.pch"; sourceTree = "<group>"; };
		AE772D4B18D3614A0050A61E /* AppDelegate.h */ = {isa = PBXFileReference; lastKnownFileType = sourcecode.c.h; path = AppDelegate.h; sourceTree = "<group>"; };
		AE772D4C18D3614A0050A61E /* AppDelegate.m */ = {isa = PBXFileReference; lastKnownFileType = sourcecode.c.objc; path = AppDelegate.m; sourceTree = "<group>"; };
		AE772D4F18D3614A0050A61E /* Base */ = {isa = PBXFileReference; lastKnownFileType = file.storyboard; name = Base; path = Base.lproj/Main.storyboard; sourceTree = "<group>"; };
		AE772D5118D3614A0050A61E /* ViewController.h */ = {isa = PBXFileReference; lastKnownFileType = sourcecode.c.h; path = ViewController.h; sourceTree = "<group>"; };
		AE772D5218D3614A0050A61E /* ViewController.m */ = {isa = PBXFileReference; lastKnownFileType = sourcecode.c.objc; path = ViewController.m; sourceTree = "<group>"; };
		AE772D5418D3614A0050A61E /* Images.xcassets */ = {isa = PBXFileReference; lastKnownFileType = folder.assetcatalog; path = Images.xcassets; sourceTree = "<group>"; };
		AE772D5A18D3614A0050A61E /* ButtonWiggleTests.xctest */ = {isa = PBXFileReference; explicitFileType = wrapper.cfbundle; includeInIndex = 0; path = ButtonWiggleTests.xctest; sourceTree = BUILT_PRODUCTS_DIR; };
		AE772D5B18D3614A0050A61E /* XCTest.framework */ = {isa = PBXFileReference; lastKnownFileType = wrapper.framework; name = XCTest.framework; path = Library/Frameworks/XCTest.framework; sourceTree = DEVELOPER_DIR; };
		AE772D6318D3614A0050A61E /* ButtonWiggleTests-Info.plist */ = {isa = PBXFileReference; lastKnownFileType = text.plist.xml; path = "ButtonWiggleTests-Info.plist"; sourceTree = "<group>"; };
		AE772D6518D3614A0050A61E /* en */ = {isa = PBXFileReference; lastKnownFileType = text.plist.strings; name = en; path = en.lproj/InfoPlist.strings; sourceTree = "<group>"; };
		AE772D6718D3614A0050A61E /* ButtonWiggleTests.m */ = {isa = PBXFileReference; lastKnownFileType = sourcecode.c.objc; path = ButtonWiggleTests.m; sourceTree = "<group>"; };
		AEFDEC4E18D744C600511ABA /* Jellybean random wiggle.gif */ = {isa = PBXFileReference; lastKnownFileType = image.gif; path = "Jellybean random wiggle.gif"; sourceTree = SOURCE_ROOT; };
		AEFDEC4F18D744C600511ABA /* Jellybean.gif */ = {isa = PBXFileReference; lastKnownFileType = image.gif; path = Jellybean.gif; sourceTree = SOURCE_ROOT; };
		AEFDEC5218D744CE00511ABA /* README.md */ = {isa = PBXFileReference; fileEncoding = 4; lastKnownFileType = text; path = README.md; sourceTree = SOURCE_ROOT; };
/* End PBXFileReference section */

/* Begin PBXFrameworksBuildPhase section */
		AE772D3618D3614A0050A61E /* Frameworks */ = {
			isa = PBXFrameworksBuildPhase;
			buildActionMask = 2147483647;
			files = (
				AE772D3F18D3614A0050A61E /* CoreGraphics.framework in Frameworks */,
				AE772D4118D3614A0050A61E /* UIKit.framework in Frameworks */,
				AE772D3D18D3614A0050A61E /* Foundation.framework in Frameworks */,
			);
			runOnlyForDeploymentPostprocessing = 0;
		};
		AE772D5718D3614A0050A61E /* Frameworks */ = {
			isa = PBXFrameworksBuildPhase;
			buildActionMask = 2147483647;
			files = (
				AE772D5C18D3614A0050A61E /* XCTest.framework in Frameworks */,
				AE772D5E18D3614A0050A61E /* UIKit.framework in Frameworks */,
				AE772D5D18D3614A0050A61E /* Foundation.framework in Frameworks */,
			);
			runOnlyForDeploymentPostprocessing = 0;
		};
/* End PBXFrameworksBuildPhase section */

/* Begin PBXGroup section */
		AE772D3018D3614A0050A61E = {
			isa = PBXGroup;
			children = (
				AE772D4218D3614A0050A61E /* ButtonWiggle */,
				AE772D6118D3614A0050A61E /* ButtonWiggleTests */,
				AE772D3B18D3614A0050A61E /* Frameworks */,
				AE772D3A18D3614A0050A61E /* Products */,
			);
			sourceTree = "<group>";
		};
		AE772D3A18D3614A0050A61E /* Products */ = {
			isa = PBXGroup;
			children = (
				AE772D3918D3614A0050A61E /* ButtonWiggle.app */,
				AE772D5A18D3614A0050A61E /* ButtonWiggleTests.xctest */,
			);
			name = Products;
			sourceTree = "<group>";
		};
		AE772D3B18D3614A0050A61E /* Frameworks */ = {
			isa = PBXGroup;
			children = (
				AE772D3C18D3614A0050A61E /* Foundation.framework */,
				AE772D3E18D3614A0050A61E /* CoreGraphics.framework */,
				AE772D4018D3614A0050A61E /* UIKit.framework */,
				AE772D5B18D3614A0050A61E /* XCTest.framework */,
			);
			name = Frameworks;
			sourceTree = "<group>";
		};
		AE772D4218D3614A0050A61E /* ButtonWiggle */ = {
			isa = PBXGroup;
			children = (
				AE772D4B18D3614A0050A61E /* AppDelegate.h */,
				AE772D4C18D3614A0050A61E /* AppDelegate.m */,
				AE772D4E18D3614A0050A61E /* Main.storyboard */,
				AE772D5118D3614A0050A61E /* ViewController.h */,
				AE772D5218D3614A0050A61E /* ViewController.m */,
				AE772D5418D3614A0050A61E /* Images.xcassets */,
				AE772D4318D3614A0050A61E /* Supporting Files */,
			);
			path = ButtonWiggle;
			sourceTree = "<group>";
		};
		AE772D4318D3614A0050A61E /* Supporting Files */ = {
			isa = PBXGroup;
			children = (
				AEFDEC4D18D744B900511ABA /* Documentation */,
				AE772D4418D3614A0050A61E /* ButtonWiggle-Info.plist */,
				AE772D4518D3614A0050A61E /* InfoPlist.strings */,
				AE772D4818D3614A0050A61E /* main.m */,
				AE772D4A18D3614A0050A61E /* ButtonWiggle-Prefix.pch */,
			);
			name = "Supporting Files";
			sourceTree = "<group>";
		};
		AE772D6118D3614A0050A61E /* ButtonWiggleTests */ = {
			isa = PBXGroup;
			children = (
				AE772D6718D3614A0050A61E /* ButtonWiggleTests.m */,
				AE772D6218D3614A0050A61E /* Supporting Files */,
			);
			path = ButtonWiggleTests;
			sourceTree = "<group>";
		};
		AE772D6218D3614A0050A61E /* Supporting Files */ = {
			isa = PBXGroup;
			children = (
				AE772D6318D3614A0050A61E /* ButtonWiggleTests-Info.plist */,
				AE772D6418D3614A0050A61E /* InfoPlist.strings */,
			);
			name = "Supporting Files";
			sourceTree = "<group>";
		};
		AEFDEC4D18D744B900511ABA /* Documentation */ = {
			isa = PBXGroup;
			children = (
				AEFDEC5218D744CE00511ABA /* README.md */,
				AEFDEC4E18D744C600511ABA /* Jellybean random wiggle.gif */,
				AEFDEC4F18D744C600511ABA /* Jellybean.gif */,
			);
			name = Documentation;
			sourceTree = "<group>";
		};
/* End PBXGroup section */

/* Begin PBXNativeTarget section */
		AE772D3818D3614A0050A61E /* ButtonWiggle */ = {
			isa = PBXNativeTarget;
			buildConfigurationList = AE772D6B18D3614A0050A61E /* Build configuration list for PBXNativeTarget "ButtonWiggle" */;
			buildPhases = (
				AE772D3518D3614A0050A61E /* Sources */,
				AE772D3618D3614A0050A61E /* Frameworks */,
				AE772D3718D3614A0050A61E /* Resources */,
			);
			buildRules = (
			);
			dependencies = (
			);
			name = ButtonWiggle;
			productName = ButtonWiggle;
			productReference = AE772D3918D3614A0050A61E /* ButtonWiggle.app */;
			productType = "com.apple.product-type.application";
		};
		AE772D5918D3614A0050A61E /* ButtonWiggleTests */ = {
			isa = PBXNativeTarget;
			buildConfigurationList = AE772D6E18D3614A0050A61E /* Build configuration list for PBXNativeTarget "ButtonWiggleTests" */;
			buildPhases = (
				AE772D5618D3614A0050A61E /* Sources */,
				AE772D5718D3614A0050A61E /* Frameworks */,
				AE772D5818D3614A0050A61E /* Resources */,
			);
			buildRules = (
			);
			dependencies = (
				AE772D6018D3614A0050A61E /* PBXTargetDependency */,
			);
			name = ButtonWiggleTests;
			productName = ButtonWiggleTests;
			productReference = AE772D5A18D3614A0050A61E /* ButtonWiggleTests.xctest */;
			productType = "com.apple.product-type.bundle.unit-test";
		};
/* End PBXNativeTarget section */

/* Begin PBXProject section */
		AE772D3118D3614A0050A61E /* Project object */ = {
			isa = PBXProject;
			attributes = {
				LastUpgradeCheck = 0510;
				ORGANIZATIONNAME = WareTo;
				TargetAttributes = {
					AE772D5918D3614A0050A61E = {
						TestTargetID = AE772D3818D3614A0050A61E;
					};
				};
			};
			buildConfigurationList = AE772D3418D3614A0050A61E /* Build configuration list for PBXProject "ButtonWiggle" */;
			compatibilityVersion = "Xcode 3.2";
			developmentRegion = English;
			hasScannedForEncodings = 0;
			knownRegions = (
				en,
				Base,
			);
			mainGroup = AE772D3018D3614A0050A61E;
			productRefGroup = AE772D3A18D3614A0050A61E /* Products */;
			projectDirPath = "";
			projectRoot = "";
			targets = (
				AE772D3818D3614A0050A61E /* ButtonWiggle */,
				AE772D5918D3614A0050A61E /* ButtonWiggleTests */,
			);
		};
/* End PBXProject section */

/* Begin PBXResourcesBuildPhase section */
		AE772D3718D3614A0050A61E /* Resources */ = {
			isa = PBXResourcesBuildPhase;
			buildActionMask = 2147483647;
			files = (
				AEFDEC5318D744CE00511ABA /* README.md in Resources */,
				AE772D5518D3614A0050A61E /* Images.xcassets in Resources */,
				AEFDEC5018D744C600511ABA /* Jellybean random wiggle.gif in Resources */,
				AE772D4718D3614A0050A61E /* InfoPlist.strings in Resources */,
				AE772D5018D3614A0050A61E /* Main.storyboard in Resources */,
				AEFDEC5118D744C600511ABA /* Jellybean.gif in Resources */,
			);
			runOnlyForDeploymentPostprocessing = 0;
		};
		AE772D5818D3614A0050A61E /* Resources */ = {
			isa = PBXResourcesBuildPhase;
			buildActionMask = 2147483647;
			files = (
				AE772D6618D3614A0050A61E /* InfoPlist.strings in Resources */,
			);
			runOnlyForDeploymentPostprocessing = 0;
		};
/* End PBXResourcesBuildPhase section */

/* Begin PBXSourcesBuildPhase section */
		AE772D3518D3614A0050A61E /* Sources */ = {
			isa = PBXSourcesBuildPhase;
			buildActionMask = 2147483647;
			files = (
				AE772D5318D3614A0050A61E /* ViewController.m in Sources */,
				AE772D4D18D3614A0050A61E /* AppDelegate.m in Sources */,
				AE772D4918D3614A0050A61E /* main.m in Sources */,
			);
			runOnlyForDeploymentPostprocessing = 0;
		};
		AE772D5618D3614A0050A61E /* Sources */ = {
			isa = PBXSourcesBuildPhase;
			buildActionMask = 2147483647;
			files = (
				AE772D6818D3614A0050A61E /* ButtonWiggleTests.m in Sources */,
			);
			runOnlyForDeploymentPostprocessing = 0;
		};
/* End PBXSourcesBuildPhase section */

/* Begin PBXTargetDependency section */
		AE772D6018D3614A0050A61E /* PBXTargetDependency */ = {
			isa = PBXTargetDependency;
			target = AE772D3818D3614A0050A61E /* ButtonWiggle */;
			targetProxy = AE772D5F18D3614A0050A61E /* PBXContainerItemProxy */;
		};
/* End PBXTargetDependency section */

/* Begin PBXVariantGroup section */
		AE772D4518D3614A0050A61E /* InfoPlist.strings */ = {
			isa = PBXVariantGroup;
			children = (
				AE772D4618D3614A0050A61E /* en */,
			);
			name = InfoPlist.strings;
			sourceTree = "<group>";
		};
		AE772D4E18D3614A0050A61E /* Main.storyboard */ = {
			isa = PBXVariantGroup;
			children = (
				AE772D4F18D3614A0050A61E /* Base */,
			);
			name = Main.storyboard;
			sourceTree = "<group>";
		};
		AE772D6418D3614A0050A61E /* InfoPlist.strings */ = {
			isa = PBXVariantGroup;
			children = (
				AE772D6518D3614A0050A61E /* en */,
			);
			name = InfoPlist.strings;
			sourceTree = "<group>";
		};
/* End PBXVariantGroup section */

/* Begin XCBuildConfiguration section */
		AE772D6918D3614A0050A61E /* Debug */ = {
			isa = XCBuildConfiguration;
			buildSettings = {
				ALWAYS_SEARCH_USER_PATHS = NO;
				CLANG_CXX_LANGUAGE_STANDARD = "gnu++0x";
				CLANG_CXX_LIBRARY = "libc++";
				CLANG_ENABLE_MODULES = YES;
				CLANG_ENABLE_OBJC_ARC = YES;
				CLANG_WARN_BOOL_CONVERSION = YES;
				CLANG_WARN_CONSTANT_CONVERSION = YES;
				CLANG_WARN_DIRECT_OBJC_ISA_USAGE = YES_ERROR;
				CLANG_WARN_EMPTY_BODY = YES;
				CLANG_WARN_ENUM_CONVERSION = YES;
				CLANG_WARN_INT_CONVERSION = YES;
				CLANG_WARN_OBJC_ROOT_CLASS = YES_ERROR;
				CLANG_WARN__DUPLICATE_METHOD_MATCH = YES;
				"CODE_SIGN_IDENTITY[sdk=iphoneos*]" = "iPhone Developer";
				COPY_PHASE_STRIP = NO;
				GCC_C_LANGUAGE_STANDARD = gnu99;
				GCC_DYNAMIC_NO_PIC = NO;
				GCC_OPTIMIZATION_LEVEL = 0;
				GCC_PREPROCESSOR_DEFINITIONS = (
					"DEBUG=1",
					"$(inherited)",
				);
				GCC_SYMBOLS_PRIVATE_EXTERN = NO;
				GCC_WARN_64_TO_32_BIT_CONVERSION = YES;
				GCC_WARN_ABOUT_RETURN_TYPE = YES_ERROR;
				GCC_WARN_UNDECLARED_SELECTOR = YES;
				GCC_WARN_UNINITIALIZED_AUTOS = YES_AGGRESSIVE;
				GCC_WARN_UNUSED_FUNCTION = YES;
				GCC_WARN_UNUSED_VARIABLE = YES;
				IPHONEOS_DEPLOYMENT_TARGET = 7.1;
				ONLY_ACTIVE_ARCH = YES;
				SDKROOT = iphoneos;
			};
			name = Debug;
		};
		AE772D6A18D3614A0050A61E /* Release */ = {
			isa = XCBuildConfiguration;
			buildSettings = {
				ALWAYS_SEARCH_USER_PATHS = NO;
				CLANG_CXX_LANGUAGE_STANDARD = "gnu++0x";
				CLANG_CXX_LIBRARY = "libc++";
				CLANG_ENABLE_MODULES = YES;
				CLANG_ENABLE_OBJC_ARC = YES;
				CLANG_WARN_BOOL_CONVERSION = YES;
				CLANG_WARN_CONSTANT_CONVERSION = YES;
				CLANG_WARN_DIRECT_OBJC_ISA_USAGE = YES_ERROR;
				CLANG_WARN_EMPTY_BODY = YES;
				CLANG_WARN_ENUM_CONVERSION = YES;
				CLANG_WARN_INT_CONVERSION = YES;
				CLANG_WARN_OBJC_ROOT_CLASS = YES_ERROR;
				CLANG_WARN__DUPLICATE_METHOD_MATCH = YES;
				"CODE_SIGN_IDENTITY[sdk=iphoneos*]" = "iPhone Developer";
				COPY_PHASE_STRIP = YES;
				ENABLE_NS_ASSERTIONS = NO;
				GCC_C_LANGUAGE_STANDARD = gnu99;
				GCC_WARN_64_TO_32_BIT_CONVERSION = YES;
				GCC_WARN_ABOUT_RETURN_TYPE = YES_ERROR;
				GCC_WARN_UNDECLARED_SELECTOR = YES;
				GCC_WARN_UNINITIALIZED_AUTOS = YES_AGGRESSIVE;
				GCC_WARN_UNUSED_FUNCTION = YES;
				GCC_WARN_UNUSED_VARIABLE = YES;
				IPHONEOS_DEPLOYMENT_TARGET = 7.1;
				SDKROOT = iphoneos;
				VALIDATE_PRODUCT = YES;
			};
			name = Release;
		};
		AE772D6C18D3614A0050A61E /* Debug */ = {
			isa = XCBuildConfiguration;
			buildSettings = {
				ASSETCATALOG_COMPILER_APPICON_NAME = AppIcon;
				ASSETCATALOG_COMPILER_LAUNCHIMAGE_NAME = LaunchImage;
				GCC_PRECOMPILE_PREFIX_HEADER = YES;
				GCC_PREFIX_HEADER = "ButtonWiggle/ButtonWiggle-Prefix.pch";
				INFOPLIST_FILE = "ButtonWiggle/ButtonWiggle-Info.plist";
				PRODUCT_NAME = "$(TARGET_NAME)";
				WRAPPER_EXTENSION = app;
			};
			name = Debug;
		};
		AE772D6D18D3614A0050A61E /* Release */ = {
			isa = XCBuildConfiguration;
			buildSettings = {
				ASSETCATALOG_COMPILER_APPICON_NAME = AppIcon;
				ASSETCATALOG_COMPILER_LAUNCHIMAGE_NAME = LaunchImage;
				GCC_PRECOMPILE_PREFIX_HEADER = YES;
				GCC_PREFIX_HEADER = "ButtonWiggle/ButtonWiggle-Prefix.pch";
				INFOPLIST_FILE = "ButtonWiggle/ButtonWiggle-Info.plist";
				PRODUCT_NAME = "$(TARGET_NAME)";
				WRAPPER_EXTENSION = app;
			};
			name = Release;
		};
		AE772D6F18D3614A0050A61E /* Debug */ = {
			isa = XCBuildConfiguration;
			buildSettings = {
				BUNDLE_LOADER = "$(BUILT_PRODUCTS_DIR)/ButtonWiggle.app/ButtonWiggle";
				FRAMEWORK_SEARCH_PATHS = (
					"$(SDKROOT)/Developer/Library/Frameworks",
					"$(inherited)",
					"$(DEVELOPER_FRAMEWORKS_DIR)",
				);
				GCC_PRECOMPILE_PREFIX_HEADER = YES;
				GCC_PREFIX_HEADER = "ButtonWiggle/ButtonWiggle-Prefix.pch";
				GCC_PREPROCESSOR_DEFINITIONS = (
					"DEBUG=1",
					"$(inherited)",
				);
				INFOPLIST_FILE = "ButtonWiggleTests/ButtonWiggleTests-Info.plist";
				PRODUCT_NAME = "$(TARGET_NAME)";
				TEST_HOST = "$(BUNDLE_LOADER)";
				WRAPPER_EXTENSION = xctest;
			};
			name = Debug;
		};
		AE772D7018D3614A0050A61E /* Release */ = {
			isa = XCBuildConfiguration;
			buildSettings = {
				BUNDLE_LOADER = "$(BUILT_PRODUCTS_DIR)/ButtonWiggle.app/ButtonWiggle";
				FRAMEWORK_SEARCH_PATHS = (
					"$(SDKROOT)/Developer/Library/Frameworks",
					"$(inherited)",
					"$(DEVELOPER_FRAMEWORKS_DIR)",
				);
				GCC_PRECOMPILE_PREFIX_HEADER = YES;
				GCC_PREFIX_HEADER = "ButtonWiggle/ButtonWiggle-Prefix.pch";
				INFOPLIST_FILE = "ButtonWiggleTests/ButtonWiggleTests-Info.plist";
				PRODUCT_NAME = "$(TARGET_NAME)";
				TEST_HOST = "$(BUNDLE_LOADER)";
				WRAPPER_EXTENSION = xctest;
			};
			name = Release;
		};
/* End XCBuildConfiguration section */

/* Begin XCConfigurationList section */
		AE772D3418D3614A0050A61E /* Build configuration list for PBXProject "ButtonWiggle" */ = {
			isa = XCConfigurationList;
			buildConfigurations = (
				AE772D6918D3614A0050A61E /* Debug */,
				AE772D6A18D3614A0050A61E /* Release */,
			);
			defaultConfigurationIsVisible = 0;
			defaultConfigurationName = Release;
		};
		AE772D6B18D3614A0050A61E /* Build configuration list for PBXNativeTarget "ButtonWiggle" */ = {
			isa = XCConfigurationList;
			buildConfigurations = (
				AE772D6C18D3614A0050A61E /* Debug */,
				AE772D6D18D3614A0050A61E /* Release */,
			);
			defaultConfigurationIsVisible = 0;
			defaultConfigurationName = Release;
		};
		AE772D6E18D3614A0050A61E /* Build configuration list for PBXNativeTarget "ButtonWiggleTests" */ = {
			isa = XCConfigurationList;
			buildConfigurations = (
				AE772D6F18D3614A0050A61E /* Debug */,
				AE772D7018D3614A0050A61E /* Release */,
			);
			defaultConfigurationIsVisible = 0;
			defaultConfigurationName = Release;
		};
/* End XCConfigurationList section */
	};
	rootObject = AE772D3118D3614A0050A61E /* Project object */;
}
